
Microsoft Visual Studio Solution File, Format Version 12.00
# Visual Studio Version 16
VisualStudioVersion = 16.0.30804.86
MinimumVisualStudioVersion = 10.0.40219.1
Project("{FAE04EC0-301F-11D3-BF4B-00C04F79EFBC}") = "abstract_factory_design", "abstract_factory_design\abstract_factory_design.csproj", "{CAD0B43C-7ABB-49A8-B07B-63984D2BB8BC}"
EndProject
Global
	GlobalSection(SolutionConfigurationPlatforms) = preSolution
		Debug|Any CPU = Debug|Any CPU
		Release|Any CPU = Release|Any CPU
	EndGlobalSection
	GlobalSection(ProjectConfigurationPlatforms) = postSolution
		{CAD0B43C-7ABB-49A8-B07B-63984D2BB8BC}.Debug|Any CPU.ActiveCfg = Debug|Any CPU
		{CAD0B43C-7ABB-49A8-B07B-63984D2BB8BC}.Debug|Any CPU.Build.0 = Debug|Any CPU
		{CAD0B43C-7ABB-49A8-B07B-63984D2BB8BC}.Release|Any CPU.ActiveCfg = Release|Any CPU
		{CAD0B43C-7ABB-49A8-B07B-63984D2BB8BC}.Release|Any CPU.Build.0 = Release|Any CPU
	EndGlobalSection
	GlobalSection(SolutionProperties) = preSolution
		HideSolutionNode = FALSE
	EndGlobalSection
	GlobalSection(ExtensibilityGlobals) = postSolution
		SolutionGuid = {082584A8-66D2-4FE5-A3FA-12F549EC3D3C}
	EndGlobalSection
EndGlobal
